{
  "version": 1,
  "dependencies": {
    "net10.0-windows7.0": {
      "ECommons": {
        "type": "Direct",
        "requested": "[3.0.1.14, )",
        "resolved": "3.0.1.14",
        "contentHash": "lqe2BlFaB6BS2MFXQsu33pIr/axjGmz4K4PoJwYwgcZGvt3JJqFIGLXTHUTYeWvT3eEfByPT0FQ7IdTCHQNdhA=="
      },
      "Microsoft.Extensions.DependencyInjection": {
        "type": "Transitive",
        "resolved": "10.0.1",
        "contentHash": "zerXV0GAR9LCSXoSIApbWn+Dq1/T+6vbXMHGduq1LoVQRHT0BXsGQEau0jeLUBUcsoF/NaUT8ADPu8b+eNcIyg==",
        "dependencies": {
          "Microsoft.Extensions.DependencyInjection.Abstractions": "10.0.1"
        }
      },
      "Microsoft.Extensions.DependencyInjection.Abstractions": {
        "type": "Transitive",
        "resolved": "10.0.1",
        "contentHash": "oIy8fQxxbUsSrrOvgBqlVgOeCtDmrcynnTG+FQufcUWBrwyPfwlUkCDB2vaiBeYPyT+20u9/HeuHeBf+H4F/8g=="
      },
      "FFXIVOcelot": {
        "type": "Project",
        "dependencies": {
          "Microsoft.Extensions.DependencyInjection": "[10.0.1, )"
        }
      },
      "FFXIVOcelot.Pathfinding": {
        "type": "Project",
        "dependencies": {
          "FFXIVOcelot": "[1.0.0, )"
        }
      }
    }
  }
}